
Microsoft Visual Studio Solution File, Format Version 12.00
# Visual Studio Version 16
VisualStudioVersion = 16.0.31702.278
MinimumVisualStudioVersion = 10.0.40219.1
Project("{FAE04EC0-301F-11D3-BF4B-00C04F79EFBC}") = "VP_Beadando", "VP_Beadando.csproj", "{8C11D22C-E547-4A25-8DEA-81FA0901EB49}"
EndProject
Global
	GlobalSection(SolutionConfigurationPlatforms) = preSolution
		Debug|Any CPU = Debug|Any CPU
		Release|Any CPU = Release|Any CPU
	EndGlobalSection
	GlobalSection(ProjectConfigurationPlatforms) = postSolution
		{8C11D22C-E547-4A25-8DEA-81FA0901EB49}.Debug|Any CPU.ActiveCfg = Debug|Any CPU
		{8C11D22C-E547-4A25-8DEA-81FA0901EB49}.Debug|Any CPU.Build.0 = Debug|Any CPU
		{8C11D22C-E547-4A25-8DEA-81FA0901EB49}.Release|Any CPU.ActiveCfg = Release|Any CPU
		{8C11D22C-E547-4A25-8DEA-81FA0901EB49}.Release|Any CPU.Build.0 = Release|Any CPU
	EndGlobalSection
	GlobalSection(SolutionProperties) = preSolution
		HideSolutionNode = FALSE
	EndGlobalSection
	GlobalSection(ExtensibilityGlobals) = postSolution
		SolutionGuid = {E66EB67F-0047-4255-9A02-68DA0A36AAAD}
	EndGlobalSection
EndGlobal
